{
  "name": "foodinz",
  "lockfileVersion": 2,
  "requires": true,
  "packages": {
    "": {
      "dependencies": {
        "@transistorsoft/capacitor-background-fetch": "^1.0.0"
      }
    },
    "node_modules/@capacitor/core": {
      "version": "4.0.0-alpha.1",
      "resolved": "https://registry.npmjs.org/@capacitor/core/-/core-4.0.0-alpha.1.tgz",
      "integrity": "sha512-dkSzNNIFK3v8aDjbdEvWUNLJu/LEYNPSOzzaOgNKe/SVZXD+KeE4LYjxKqlkV6TKY1Yo7/rwaqvvpGyO55ySfQ==",
      "peer": true,
      "dependencies": {
        "tslib": "^2.1.0"
      }
    },
    "node_modules/@transistorsoft/capacitor-background-fetch": {
      "version": "1.0.0",
      "resolved": "https://registry.npmjs.org/@transistorsoft/capacitor-background-fetch/-/capacitor-background-fetch-1.0.0.tgz",
      "integrity": "sha512-4wOy3CFzBNB0a9mt+nEbeHExOaC+RgdaBH7a2qv9bdEgysFbNK7SC8Uy1BxaCPwgXVGhX0U9P7seGkZveJG8tw==",
      "peerDependencies": {
        "@capacitor/core": "next"
      }
    },
    "node_modules/tslib": {
      "version": "2.4.0",
      "resolved": "https://registry.npmjs.org/tslib/-/tslib-2.4.0.tgz",
      "integrity": "sha512-d6xOpEDfsi2CZVlPQzGeux8XMwLT9hssAsaPYExaQMuYskwb+x1x7J371tWlbBdWHroy99KnVB6qIkUbs5X3UQ==",
      "peer": true
    }
  },
  "dependencies": {
    "@capacitor/core": {
      "version": "4.0.0-alpha.1",
      "resolved": "https://registry.npmjs.org/@capacitor/core/-/core-4.0.0-alpha.1.tgz",
      "integrity": "sha512-dkSzNNIFK3v8aDjbdEvWUNLJu/LEYNPSOzzaOgNKe/SVZXD+KeE4LYjxKqlkV6TKY1Yo7/rwaqvvpGyO55ySfQ==",
      "peer": true,
      "requires": {
        "tslib": "^2.1.0"
      }
    },
    "@transistorsoft/capacitor-background-fetch": {
      "version": "1.0.0",
      "resolved": "https://registry.npmjs.org/@transistorsoft/capacitor-background-fetch/-/capacitor-background-fetch-1.0.0.tgz",
      "integrity": "sha512-4wOy3CFzBNB0a9mt+nEbeHExOaC+RgdaBH7a2qv9bdEgysFbNK7SC8Uy1BxaCPwgXVGhX0U9P7seGkZveJG8tw==",
      "requires": {}
    },
    "tslib": {
      "version": "2.4.0",
      "resolved": "https://registry.npmjs.org/tslib/-/tslib-2.4.0.tgz",
      "integrity": "sha512-d6xOpEDfsi2CZVlPQzGeux8XMwLT9hssAsaPYExaQMuYskwb+x1x7J371tWlbBdWHroy99KnVB6qIkUbs5X3UQ==",
      "peer": true
    }
  }
}
